
Microsoft Visual Studio Solution File, Format Version 12.00
# Visual Studio Version 17
VisualStudioVersion = 17.0.31903.59
MinimumVisualStudioVersion = 10.0.40219.1
Project("{2150E333-8FDC-42A3-9474-1A3956D46DE8}") = "src", "src", "{827E0CD3-B72D-47B6-A68D-7590B98EB39B}"
EndProject
Project("{FAE04EC0-301F-11D3-BF4B-00C04F79EFBC}") = "Rag.API", "src\Rag.API\Rag.API.csproj", "{368068E2-8728-4AB8-8E7B-D2937AFDE2F4}"
EndProject
Project("{FAE04EC0-301F-11D3-BF4B-00C04F79EFBC}") = "Rag.Application", "src\Rag.Application\Rag.Application.csproj", "{E44A036F-F194-4FF7-BFF6-D704623C8516}"
EndProject
Project("{FAE04EC0-301F-11D3-BF4B-00C04F79EFBC}") = "Rag.Domain", "src\Rag.Domain\Rag.Domain.csproj", "{B736A634-E13B-4162-AE5A-48A3A9413132}"
EndProject
Project("{FAE04EC0-301F-11D3-BF4B-00C04F79EFBC}") = "Rag.Shared", "src\Rag.Shared\Rag.Shared.csproj", "{C5EEB5F4-0E7A-407F-807A-4AFD0B88079A}"
EndProject
Project("{FAE04EC0-301F-11D3-BF4B-00C04F79EFBC}") = "Rag.Infrastructure", "src\Rag.Infrastructure\Rag.Infrastructure.csproj", "{E7E30969-3FB8-4991-8506-CF83F9FF9C5F}"
EndProject
Project("{2150E333-8FDC-42A3-9474-1A3956D46DE8}") = "tests", "tests", "{0AB3BF05-4346-4AA6-1389-037BE0695223}"
EndProject
Project("{FAE04EC0-301F-11D3-BF4B-00C04F79EFBC}") = "Rag.UnitTests", "tests\Rag.UnitTests\Rag.UnitTests.csproj", "{953B9695-7689-4E47-AD36-CF2CB50A5AA4}"
EndProject
Project("{FAE04EC0-301F-11D3-BF4B-00C04F79EFBC}") = "Rag.IntegrationTests", "tests\Rag.IntegrationTests\Rag.IntegrationTests.csproj", "{718C3FC3-49EB-447E-BB26-DEBA3509E22A}"
EndProject
Global
	GlobalSection(SolutionConfigurationPlatforms) = preSolution
		Debug|Any CPU = Debug|Any CPU
		Debug|x64 = Debug|x64
		Debug|x86 = Debug|x86
		Release|Any CPU = Release|Any CPU
		Release|x64 = Release|x64
		Release|x86 = Release|x86
	EndGlobalSection
	GlobalSection(ProjectConfigurationPlatforms) = postSolution
		{368068E2-8728-4AB8-8E7B-D2937AFDE2F4}.Debug|Any CPU.ActiveCfg = Debug|Any CPU
		{368068E2-8728-4AB8-8E7B-D2937AFDE2F4}.Debug|Any CPU.Build.0 = Debug|Any CPU
		{368068E2-8728-4AB8-8E7B-D2937AFDE2F4}.Debug|x64.ActiveCfg = Debug|Any CPU
		{368068E2-8728-4AB8-8E7B-D2937AFDE2F4}.Debug|x64.Build.0 = Debug|Any CPU
		{368068E2-8728-4AB8-8E7B-D2937AFDE2F4}.Debug|x86.ActiveCfg = Debug|Any CPU
		{368068E2-8728-4AB8-8E7B-D2937AFDE2F4}.Debug|x86.Build.0 = Debug|Any CPU
		{368068E2-8728-4AB8-8E7B-D2937AFDE2F4}.Release|Any CPU.ActiveCfg = Release|Any CPU
		{368068E2-8728-4AB8-8E7B-D2937AFDE2F4}.Release|Any CPU.Build.0 = Release|Any CPU
		{368068E2-8728-4AB8-8E7B-D2937AFDE2F4}.Release|x64.ActiveCfg = Release|Any CPU
		{368068E2-8728-4AB8-8E7B-D2937AFDE2F4}.Release|x64.Build.0 = Release|Any CPU
		{368068E2-8728-4AB8-8E7B-D2937AFDE2F4}.Release|x86.ActiveCfg = Release|Any CPU
		{368068E2-8728-4AB8-8E7B-D2937AFDE2F4}.Release|x86.Build.0 = Release|Any CPU
		{E44A036F-F194-4FF7-BFF6-D704623C8516}.Debug|Any CPU.ActiveCfg = Debug|Any CPU
		{E44A036F-F194-4FF7-BFF6-D704623C8516}.Debug|Any CPU.Build.0 = Debug|Any CPU
		{E44A036F-F194-4FF7-BFF6-D704623C8516}.Debug|x64.ActiveCfg = Debug|Any CPU
		{E44A036F-F194-4FF7-BFF6-D704623C8516}.Debug|x64.Build.0 = Debug|Any CPU
		{E44A036F-F194-4FF7-BFF6-D704623C8516}.Debug|x86.ActiveCfg = Debug|Any CPU
		{E44A036F-F194-4FF7-BFF6-D704623C8516}.Debug|x86.Build.0 = Debug|Any CPU
		{E44A036F-F194-4FF7-BFF6-D704623C8516}.Release|Any CPU.ActiveCfg = Release|Any CPU
		{E44A036F-F194-4FF7-BFF6-D704623C8516}.Release|Any CPU.Build.0 = Release|Any CPU
		{E44A036F-F194-4FF7-BFF6-D704623C8516}.Release|x64.ActiveCfg = Release|Any CPU
		{E44A036F-F194-4FF7-BFF6-D704623C8516}.Release|x64.Build.0 = Release|Any CPU
		{E44A036F-F194-4FF7-BFF6-D704623C8516}.Release|x86.ActiveCfg = Release|Any CPU
		{E44A036F-F194-4FF7-BFF6-D704623C8516}.Release|x86.Build.0 = Release|Any CPU
		{B736A634-E13B-4162-AE5A-48A3A9413132}.Debug|Any CPU.ActiveCfg = Debug|Any CPU
		{B736A634-E13B-4162-AE5A-48A3A9413132}.Debug|Any CPU.Build.0 = Debug|Any CPU
		{B736A634-E13B-4162-AE5A-48A3A9413132}.Debug|x64.ActiveCfg = Debug|Any CPU
		{B736A634-E13B-4162-AE5A-48A3A9413132}.Debug|x64.Build.0 = Debug|Any CPU
		{B736A634-E13B-4162-AE5A-48A3A9413132}.Debug|x86.ActiveCfg = Debug|Any CPU
		{B736A634-E13B-4162-AE5A-48A3A9413132}.Debug|x86.Build.0 = Debug|Any CPU
		{B736A634-E13B-4162-AE5A-48A3A9413132}.Release|Any CPU.ActiveCfg = Release|Any CPU
		{B736A634-E13B-4162-AE5A-48A3A9413132}.Release|Any CPU.Build.0 = Release|Any CPU
		{B736A634-E13B-4162-AE5A-48A3A9413132}.Release|x64.ActiveCfg = Release|Any CPU
		{B736A634-E13B-4162-AE5A-48A3A9413132}.Release|x64.Build.0 = Release|Any CPU
		{B736A634-E13B-4162-AE5A-48A3A9413132}.Release|x86.ActiveCfg = Release|Any CPU
		{B736A634-E13B-4162-AE5A-48A3A9413132}.Release|x86.Build.0 = Release|Any CPU
		{C5EEB5F4-0E7A-407F-807A-4AFD0B88079A}.Debug|Any CPU.ActiveCfg = Debug|Any CPU
		{C5EEB5F4-0E7A-407F-807A-4AFD0B88079A}.Debug|Any CPU.Build.0 = Debug|Any CPU
		{C5EEB5F4-0E7A-407F-807A-4AFD0B88079A}.Debug|x64.ActiveCfg = Debug|Any CPU
		{C5EEB5F4-0E7A-407F-807A-4AFD0B88079A}.Debug|x64.Build.0 = Debug|Any CPU
		{C5EEB5F4-0E7A-407F-807A-4AFD0B88079A}.Debug|x86.ActiveCfg = Debug|Any CPU
		{C5EEB5F4-0E7A-407F-807A-4AFD0B88079A}.Debug|x86.Build.0 = Debug|Any CPU
		{C5EEB5F4-0E7A-407F-807A-4AFD0B88079A}.Release|Any CPU.ActiveCfg = Release|Any CPU
		{C5EEB5F4-0E7A-407F-807A-4AFD0B88079A}.Release|Any CPU.Build.0 = Release|Any CPU
		{C5EEB5F4-0E7A-407F-807A-4AFD0B88079A}.Release|x64.ActiveCfg = Release|Any CPU
		{C5EEB5F4-0E7A-407F-807A-4AFD0B88079A}.Release|x64.Build.0 = Release|Any CPU
		{C5EEB5F4-0E7A-407F-807A-4AFD0B88079A}.Release|x86.ActiveCfg = Release|Any CPU
		{C5EEB5F4-0E7A-407F-807A-4AFD0B88079A}.Release|x86.Build.0 = Release|Any CPU
		{E7E30969-3FB8-4991-8506-CF83F9FF9C5F}.Debug|Any CPU.ActiveCfg = Debug|Any CPU
		{E7E30969-3FB8-4991-8506-CF83F9FF9C5F}.Debug|Any CPU.Build.0 = Debug|Any CPU
		{E7E30969-3FB8-4991-8506-CF83F9FF9C5F}.Debug|x64.ActiveCfg = Debug|Any CPU
		{E7E30969-3FB8-4991-8506-CF83F9FF9C5F}.Debug|x64.Build.0 = Debug|Any CPU
		{E7E30969-3FB8-4991-8506-CF83F9FF9C5F}.Debug|x86.ActiveCfg = Debug|Any CPU
		{E7E30969-3FB8-4991-8506-CF83F9FF9C5F}.Debug|x86.Build.0 = Debug|Any CPU
		{E7E30969-3FB8-4991-8506-CF83F9FF9C5F}.Release|Any CPU.ActiveCfg = Release|Any CPU
		{E7E30969-3FB8-4991-8506-CF83F9FF9C5F}.Release|Any CPU.Build.0 = Release|Any CPU
		{E7E30969-3FB8-4991-8506-CF83F9FF9C5F}.Release|x64.ActiveCfg = Release|Any CPU
		{E7E30969-3FB8-4991-8506-CF83F9FF9C5F}.Release|x64.Build.0 = Release|Any CPU
		{E7E30969-3FB8-4991-8506-CF83F9FF9C5F}.Release|x86.ActiveCfg = Release|Any CPU
		{E7E30969-3FB8-4991-8506-CF83F9FF9C5F}.Release|x86.Build.0 = Release|Any CPU
		{953B9695-7689-4E47-AD36-CF2CB50A5AA4}.Debug|Any CPU.ActiveCfg = Debug|Any CPU
		{953B9695-7689-4E47-AD36-CF2CB50A5AA4}.Debug|Any CPU.Build.0 = Debug|Any CPU
		{953B9695-7689-4E47-AD36-CF2CB50A5AA4}.Debug|x64.ActiveCfg = Debug|Any CPU
		{953B9695-7689-4E47-AD36-CF2CB50A5AA4}.Debug|x64.Build.0 = Debug|Any CPU
		{953B9695-7689-4E47-AD36-CF2CB50A5AA4}.Debug|x86.ActiveCfg = Debug|Any CPU
		{953B9695-7689-4E47-AD36-CF2CB50A5AA4}.Debug|x86.Build.0 = Debug|Any CPU
		{953B9695-7689-4E47-AD36-CF2CB50A5AA4}.Release|Any CPU.ActiveCfg = Release|Any CPU
		{953B9695-7689-4E47-AD36-CF2CB50A5AA4}.Release|Any CPU.Build.0 = Release|Any CPU
		{953B9695-7689-4E47-AD36-CF2CB50A5AA4}.Release|x64.ActiveCfg = Release|Any CPU
		{953B9695-7689-4E47-AD36-CF2CB50A5AA4}.Release|x64.Build.0 = Release|Any CPU
		{953B9695-7689-4E47-AD36-CF2CB50A5AA4}.Release|x86.ActiveCfg = Release|Any CPU
		{953B9695-7689-4E47-AD36-CF2CB50A5AA4}.Release|x86.Build.0 = Release|Any CPU
		{718C3FC3-49EB-447E-BB26-DEBA3509E22A}.Debug|Any CPU.ActiveCfg = Debug|Any CPU
		{718C3FC3-49EB-447E-BB26-DEBA3509E22A}.Debug|Any CPU.Build.0 = Debug|Any CPU
		{718C3FC3-49EB-447E-BB26-DEBA3509E22A}.Debug|x64.ActiveCfg = Debug|Any CPU
		{718C3FC3-49EB-447E-BB26-DEBA3509E22A}.Debug|x64.Build.0 = Debug|Any CPU
		{718C3FC3-49EB-447E-BB26-DEBA3509E22A}.Debug|x86.ActiveCfg = Debug|Any CPU
		{718C3FC3-49EB-447E-BB26-DEBA3509E22A}.Debug|x86.Build.0 = Debug|Any CPU
		{718C3FC3-49EB-447E-BB26-DEBA3509E22A}.Release|Any CPU.ActiveCfg = Release|Any CPU
		{718C3FC3-49EB-447E-BB26-DEBA3509E22A}.Release|Any CPU.Build.0 = Release|Any CPU
		{718C3FC3-49EB-447E-BB26-DEBA3509E22A}.Release|x64.ActiveCfg = Release|Any CPU
		{718C3FC3-49EB-447E-BB26-DEBA3509E22A}.Release|x64.Build.0 = Release|Any CPU
		{718C3FC3-49EB-447E-BB26-DEBA3509E22A}.Release|x86.ActiveCfg = Release|Any CPU
		{718C3FC3-49EB-447E-BB26-DEBA3509E22A}.Release|x86.Build.0 = Release|Any CPU
	EndGlobalSection
	GlobalSection(SolutionProperties) = preSolution
		HideSolutionNode = FALSE
	EndGlobalSection
	GlobalSection(NestedProjects) = preSolution
		{368068E2-8728-4AB8-8E7B-D2937AFDE2F4} = {827E0CD3-B72D-47B6-A68D-7590B98EB39B}
		{E44A036F-F194-4FF7-BFF6-D704623C8516} = {827E0CD3-B72D-47B6-A68D-7590B98EB39B}
		{B736A634-E13B-4162-AE5A-48A3A9413132} = {827E0CD3-B72D-47B6-A68D-7590B98EB39B}
		{C5EEB5F4-0E7A-407F-807A-4AFD0B88079A} = {827E0CD3-B72D-47B6-A68D-7590B98EB39B}
		{E7E30969-3FB8-4991-8506-CF83F9FF9C5F} = {827E0CD3-B72D-47B6-A68D-7590B98EB39B}
		{953B9695-7689-4E47-AD36-CF2CB50A5AA4} = {0AB3BF05-4346-4AA6-1389-037BE0695223}
		{718C3FC3-49EB-447E-BB26-DEBA3509E22A} = {0AB3BF05-4346-4AA6-1389-037BE0695223}
	EndGlobalSection
EndGlobal
